
Microsoft Visual Studio Solution File, Format Version 12.00
# Visual Studio 15
VisualStudioVersion = 15.0.28307.168
MinimumVisualStudioVersion = 10.0.40219.1
Project("{FAE04EC0-301F-11D3-BF4B-00C04F79EFBC}") = "CaptureTool", "CaptureTool\CaptureTool.csproj", "{78D6CAE7-99DE-4645-ADDC-29F084520275}"
EndProject
Global
	GlobalSection(SolutionConfigurationPlatforms) = preSolution
		Debug|Any CPU = Debug|Any CPU
		Release|Any CPU = Release|Any CPU
	EndGlobalSection
	GlobalSection(ProjectConfigurationPlatforms) = postSolution
		{78D6CAE7-99DE-4645-ADDC-29F084520275}.Debug|Any CPU.ActiveCfg = Debug|Any CPU
		{78D6CAE7-99DE-4645-ADDC-29F084520275}.Debug|Any CPU.Build.0 = Debug|Any CPU
		{78D6CAE7-99DE-4645-ADDC-29F084520275}.Release|Any CPU.ActiveCfg = Release|Any CPU
		{78D6CAE7-99DE-4645-ADDC-29F084520275}.Release|Any CPU.Build.0 = Release|Any CPU
	EndGlobalSection
	GlobalSection(SolutionProperties) = preSolution
		HideSolutionNode = FALSE
	EndGlobalSection
	GlobalSection(ExtensibilityGlobals) = postSolution
		SolutionGuid = {E39570B1-46BC-4F40-B6AF-0B57A3588168}
	EndGlobalSection
EndGlobal
